
Microsoft Visual Studio Solution File, Format Version 12.00
# Visual Studio Version 17
VisualStudioVersion = 17.5.002.0
MinimumVisualStudioVersion = 10.0.40219.1
Project("{9A19103F-16F7-4668-BE54-9A1E7A4F7556}") = "genetic-algorithm-graph-partitioning", "genetic-algorithm-graph-partitioning.csproj", "{FFCC205C-3D01-41BA-8372-3132D012A632}"
EndProject
Global
	GlobalSection(SolutionConfigurationPlatforms) = preSolution
		Debug|Any CPU = Debug|Any CPU
		Release|Any CPU = Release|Any CPU
	EndGlobalSection
	GlobalSection(ProjectConfigurationPlatforms) = postSolution
		{FFCC205C-3D01-41BA-8372-3132D012A632}.Debug|Any CPU.ActiveCfg = Debug|Any CPU
		{FFCC205C-3D01-41BA-8372-3132D012A632}.Debug|Any CPU.Build.0 = Debug|Any CPU
		{FFCC205C-3D01-41BA-8372-3132D012A632}.Release|Any CPU.ActiveCfg = Release|Any CPU
		{FFCC205C-3D01-41BA-8372-3132D012A632}.Release|Any CPU.Build.0 = Release|Any CPU
	EndGlobalSection
	GlobalSection(SolutionProperties) = preSolution
		HideSolutionNode = FALSE
	EndGlobalSection
	GlobalSection(ExtensibilityGlobals) = postSolution
		SolutionGuid = {AAC6E350-2700-4B8E-A994-649C18D5644B}
	EndGlobalSection
EndGlobal
